{
    "_readme": [
        "This file locks the dependencies of your project to a known state",
        "Read more about it at https://getcomposer.org/doc/01-basic-usage.md#installing-dependencies",
        "This file is @generated automatically"
    ],
    "content-hash": "2336c52af24daa20917aac26eed9b8c8",
    "packages": [
        {
            "name": "hybridauth/hybridauth",
            "version": "v3.13.0",
            "source": {
                "type": "git",
                "url": "https://github.com/hybridauth/hybridauth.git",
                "reference": "5f799ed5fd35e21f06cf42310f9f6ed3f7bbe7df"
            },
            "dist": {
                "type": "zip",
                "url": "https://api.github.com/repos/hybridauth/hybridauth/zipball/5f799ed5fd35e21f06cf42310f9f6ed3f7bbe7df",
                "reference": "5f799ed5fd35e21f06cf42310f9f6ed3f7bbe7df",
                "shasum": ""
            },
            "require": {
                "php": "^5.4 || ^7.0 || ^8.0"
            },
            "require-dev": {
                "ext-curl": "*",
                "phpunit/phpunit": "^4.8.35 || ^6.5 || ^8.0 || ^12.0"
            },
            "suggest": {
                "firebase/php-jwt": "Needed to support Apple provider",
                "phpseclib/phpseclib": "Needed to support Apple provider"
            },
            "type": "library",
            "autoload": {
                "psr-4": {
                    "Hybridauth\\": "src/"
                }
            },
            "notification-url": "https://packagist.org/downloads/",
            "license": [
                "MIT"
            ],
            "authors": [
                {
                    "name": "Miled",
                    "email": "hybridauth@gmail.com"
                }
            ],
            "description": "PHP Social Authentication Library",
            "homepage": "https://hybridauth.github.io",
            "keywords": [
                "Authentication",
                "OpenId",
                "api",
                "apple",
                "authorization",
                "facebook",
                "google",
                "oauth",
                "social",
                "twitter"
            ],
            "support": {
                "gitter": "https://gitter.im/hybridauth/hybridauth",
                "issues": "https://github.com/hybridauth/hybridauth/issues",
                "source": "https://github.com/hybridauth/hybridauth/tree/v3.13.0"
            },
            "time": "2026-04-02T19:11:26+00:00"
        },
        {
            "name": "mercadopago/dx-php",
            "version": "3.12.1",
            "source": {
                "type": "git",
                "url": "https://github.com/mercadopago/sdk-php.git",
                "reference": "2ffde09aecec141f4739a5dd86f6369374e6cff6"
            },
            "dist": {
                "type": "zip",
                "url": "https://api.github.com/repos/mercadopago/sdk-php/zipball/2ffde09aecec141f4739a5dd86f6369374e6cff6",
                "reference": "2ffde09aecec141f4739a5dd86f6369374e6cff6",
                "shasum": ""
            },
            "require": {
                "php": ">=8.2"
            },
            "require-dev": {
                "friendsofphp/php-cs-fixer": "^3.22",
                "phpunit/phpunit": "^11.0",
                "squizlabs/php_codesniffer": "3.*",
                "symfony/console": "^7.0"
            },
            "type": "library",
            "autoload": {
                "psr-4": {
                    "MercadoPago\\": "src/MercadoPago"
                }
            },
            "notification-url": "https://packagist.org/downloads/",
            "license": [
                "MIT"
            ],
            "description": "Mercado Pago PHP SDK",
            "homepage": "https://github.com/mercadopago/sdk-php",
            "support": {
                "issues": "https://github.com/mercadopago/sdk-php/issues",
                "source": "https://github.com/mercadopago/sdk-php/tree/3.12.1"
            },
            "time": "2026-07-23T00:11:41+00:00"
        }
    ],
    "packages-dev": [],
    "aliases": [],
    "minimum-stability": "stable",
    "stability-flags": {},
    "prefer-stable": false,
    "prefer-lowest": false,
    "platform": {},
    "platform-dev": {},
    "plugin-api-version": "2.9.0"
}
